
Microsoft Visual Studio Solution File, Format Version 12.00
Project("{FAE04EC0-301F-11D3-BF4B-00C04F79EFBC}") = "CmdDispatcher", "CmdDispatcher\CmdDispatcher.csproj", "{818542A9-D910-4BAD-8AA7-E40F0BFF8EEB}"
EndProject
Project("{FAE04EC0-301F-11D3-BF4B-00C04F79EFBC}") = "CmdDispatcher.Test", "CmdDispatcher.Test\CmdDispatcher.Test.csproj", "{7EE25A8E-85FD-436B-A3EA-FD1526395BB1}"
EndProject
Global
	GlobalSection(SolutionConfigurationPlatforms) = preSolution
		Debug|Any CPU = Debug|Any CPU
		Release|Any CPU = Release|Any CPU
	EndGlobalSection
	GlobalSection(ProjectConfigurationPlatforms) = postSolution
		{818542A9-D910-4BAD-8AA7-E40F0BFF8EEB}.Debug|Any CPU.ActiveCfg = Debug|Any CPU
		{818542A9-D910-4BAD-8AA7-E40F0BFF8EEB}.Debug|Any CPU.Build.0 = Debug|Any CPU
		{818542A9-D910-4BAD-8AA7-E40F0BFF8EEB}.Release|Any CPU.ActiveCfg = Release|Any CPU
		{818542A9-D910-4BAD-8AA7-E40F0BFF8EEB}.Release|Any CPU.Build.0 = Release|Any CPU
		{7EE25A8E-85FD-436B-A3EA-FD1526395BB1}.Debug|Any CPU.ActiveCfg = Debug|Any CPU
		{7EE25A8E-85FD-436B-A3EA-FD1526395BB1}.Debug|Any CPU.Build.0 = Debug|Any CPU
		{7EE25A8E-85FD-436B-A3EA-FD1526395BB1}.Release|Any CPU.ActiveCfg = Release|Any CPU
		{7EE25A8E-85FD-436B-A3EA-FD1526395BB1}.Release|Any CPU.Build.0 = Release|Any CPU
	EndGlobalSection
EndGlobal
